# This file is automatically @generated by Cargo.
# It is not intended for manual editing.
version = 4

[[package]]
name = "allocator-api2"
version = "0.2.21"
source = "registry+https://github.com/rust-lang/crates.io-index"
checksum = "683d7910e743518b0e34f1186f92494becacb047c7b6bf616c96772180fef923"

[[package]]
name = "buddy-alloc"
version = "0.6.0"
source = "registry+https://github.com/rust-lang/crates.io-index"
checksum = "ee741d62dcaf41ca303576ef890989ccb01d5dd77f8ce1a6d6c7846ab5d09efb"

[[package]]
name = "equivalent"
version = "1.0.2"
source = "registry+https://github.com/rust-lang/crates.io-index"
checksum = "877a4ace8713b0bcf2a4e7eec82529c029f1d0619886d18145fea96c3ffe5c0f"

[[package]]
name = "foldhash"
version = "0.1.5"
source = "registry+https://github.com/rust-lang/crates.io-index"
checksum = "d9c4f5dac5e15c24eb999c26181a6ca40b39fe946cbe4c263c7209467bc83af2"

[[package]]
name = "hashbrown"
version = "0.15.5"
source = "registry+https://github.com/rust-lang/crates.io-index"
checksum = "9229cfe53dfd69f0609a49f65461bd93001ea1ef889cd5529dd176593f5338a1"
dependencies = [
 "allocator-api2",
 "equivalent",
 "foldhash",
]

[[package]]
name = "user"
version = "1.0.0"
dependencies = [
 "xv8",
 "xv8-http",
 "xv8-router",
 "xv8-tokio-compat",
]

[[package]]
name = "xv8"
version = "1.1.0"
dependencies = [
 "buddy-alloc",
]

[[package]]
name = "xv8-async"
version = "0.1.0"
dependencies = [
 "xv8-libc",
 "xv8-user-std",
]

[[package]]
name = "xv8-http"
version = "0.1.0"

[[package]]
name = "xv8-libc"
version = "0.1.0"

[[package]]
name = "xv8-router"
version = "0.1.0"
dependencies = [
 "xv8-http",
]

[[package]]
name = "xv8-tokio-compat"
version = "0.1.0"
dependencies = [
 "xv8-async",
 "xv8-libc",
 "xv8-user-std",
]

[[package]]
name = "xv8-user-std"
version = "0.1.0"
dependencies = [
 "hashbrown",
 "xv8-libc",
]
